
Microsoft Visual Studio Solution File, Format Version 12.00
# Visual Studio 14
VisualStudioVersion = 14.0.23107.0
MinimumVisualStudioVersion = 10.0.40219.1
Project("{FAE04EC0-301F-11D3-BF4B-00C04F79EFBC}") = "TestHarness", "TestHarness.csproj", "{528DAFCE-AD2E-425B-9407-33542C71B3DC}"
EndProject
Project("{FAE04EC0-301F-11D3-BF4B-00C04F79EFBC}") = "Helpers", "..\Helpers\Helpers.csproj", "{AEAA1AC0-D72F-4EB4-9981-0F8B47F1B6A0}"
EndProject
Global
	GlobalSection(SolutionConfigurationPlatforms) = preSolution
		Debug|Any CPU = Debug|Any CPU
		Release|Any CPU = Release|Any CPU
	EndGlobalSection
	GlobalSection(ProjectConfigurationPlatforms) = postSolution
		{528DAFCE-AD2E-425B-9407-33542C71B3DC}.Debug|Any CPU.ActiveCfg = Debug|Any CPU
		{528DAFCE-AD2E-425B-9407-33542C71B3DC}.Debug|Any CPU.Build.0 = Debug|Any CPU
		{528DAFCE-AD2E-425B-9407-33542C71B3DC}.Release|Any CPU.ActiveCfg = Release|Any CPU
		{528DAFCE-AD2E-425B-9407-33542C71B3DC}.Release|Any CPU.Build.0 = Release|Any CPU
		{AEAA1AC0-D72F-4EB4-9981-0F8B47F1B6A0}.Debug|Any CPU.ActiveCfg = Debug|Any CPU
		{AEAA1AC0-D72F-4EB4-9981-0F8B47F1B6A0}.Debug|Any CPU.Build.0 = Debug|Any CPU
		{AEAA1AC0-D72F-4EB4-9981-0F8B47F1B6A0}.Release|Any CPU.ActiveCfg = Release|Any CPU
		{AEAA1AC0-D72F-4EB4-9981-0F8B47F1B6A0}.Release|Any CPU.Build.0 = Release|Any CPU
	EndGlobalSection
	GlobalSection(SolutionProperties) = preSolution
		HideSolutionNode = FALSE
	EndGlobalSection
EndGlobal
